
Microsoft Visual Studio Solution File, Format Version 12.00
# Visual Studio Version 17
VisualStudioVersion = 17.9.34723.18
MinimumVisualStudioVersion = 10.0.40219.1
Project("{FAE04EC0-301F-11D3-BF4B-00C04F79EFBC}") = "LibraryDomain", "LibraryDomain\LibraryDomain.csproj", "{F823E131-C46D-407D-B1C9-9CB9B2FC50AD}"
EndProject
Project("{FAE04EC0-301F-11D3-BF4B-00C04F79EFBC}") = "LibraryInfrastructure", "LibraryInfrastructure\LibraryInfrastructure.csproj", "{0032EBD8-F7C8-4DED-8445-D99C6890297D}"
EndProject
Global
	GlobalSection(SolutionConfigurationPlatforms) = preSolution
		Debug|Any CPU = Debug|Any CPU
		Release|Any CPU = Release|Any CPU
	EndGlobalSection
	GlobalSection(ProjectConfigurationPlatforms) = postSolution
		{F823E131-C46D-407D-B1C9-9CB9B2FC50AD}.Debug|Any CPU.ActiveCfg = Debug|Any CPU
		{F823E131-C46D-407D-B1C9-9CB9B2FC50AD}.Debug|Any CPU.Build.0 = Debug|Any CPU
		{F823E131-C46D-407D-B1C9-9CB9B2FC50AD}.Release|Any CPU.ActiveCfg = Release|Any CPU
		{F823E131-C46D-407D-B1C9-9CB9B2FC50AD}.Release|Any CPU.Build.0 = Release|Any CPU
		{0032EBD8-F7C8-4DED-8445-D99C6890297D}.Debug|Any CPU.ActiveCfg = Debug|Any CPU
		{0032EBD8-F7C8-4DED-8445-D99C6890297D}.Debug|Any CPU.Build.0 = Debug|Any CPU
		{0032EBD8-F7C8-4DED-8445-D99C6890297D}.Release|Any CPU.ActiveCfg = Release|Any CPU
		{0032EBD8-F7C8-4DED-8445-D99C6890297D}.Release|Any CPU.Build.0 = Release|Any CPU
	EndGlobalSection
	GlobalSection(SolutionProperties) = preSolution
		HideSolutionNode = FALSE
	EndGlobalSection
	GlobalSection(ExtensibilityGlobals) = postSolution
		SolutionGuid = {7BA50FF9-017E-412D-A5A8-DE8C933CB9DB}
	EndGlobalSection
EndGlobal
